
Microsoft Visual Studio Solution File, Format Version 12.00
# Visual Studio Version 16
VisualStudioVersion = 16.0.31613.86
MinimumVisualStudioVersion = 10.0.40219.1
Project("{FAE04EC0-301F-11D3-BF4B-00C04F79EFBC}") = "PizzaDetailsAPI", "PizzaDetailsAPI.csproj", "{0E5E7003-B272-4B39-8997-A35175F55D89}"
EndProject
Global
	GlobalSection(SolutionConfigurationPlatforms) = preSolution
		Debug|Any CPU = Debug|Any CPU
		Release|Any CPU = Release|Any CPU
	EndGlobalSection
	GlobalSection(ProjectConfigurationPlatforms) = postSolution
		{0E5E7003-B272-4B39-8997-A35175F55D89}.Debug|Any CPU.ActiveCfg = Debug|Any CPU
		{0E5E7003-B272-4B39-8997-A35175F55D89}.Debug|Any CPU.Build.0 = Debug|Any CPU
		{0E5E7003-B272-4B39-8997-A35175F55D89}.Release|Any CPU.ActiveCfg = Release|Any CPU
		{0E5E7003-B272-4B39-8997-A35175F55D89}.Release|Any CPU.Build.0 = Release|Any CPU
	EndGlobalSection
	GlobalSection(SolutionProperties) = preSolution
		HideSolutionNode = FALSE
	EndGlobalSection
	GlobalSection(ExtensibilityGlobals) = postSolution
		SolutionGuid = {38E8782D-8DC5-49FE-8FD6-102290803605}
	EndGlobalSection
EndGlobal
