
Microsoft Visual Studio Solution File, Format Version 12.00
# Visual Studio Version 16
VisualStudioVersion = 16.0.31613.86
MinimumVisualStudioVersion = 10.0.40219.1
Project("{9A19103F-16F7-4668-BE54-9A1E7A4F7556}") = "LoginAPI", "LoginAPI.csproj", "{B99703AF-E870-4720-A469-50A57DD86F9E}"
EndProject
Global
	GlobalSection(SolutionConfigurationPlatforms) = preSolution
		Debug|Any CPU = Debug|Any CPU
		Release|Any CPU = Release|Any CPU
	EndGlobalSection
	GlobalSection(ProjectConfigurationPlatforms) = postSolution
		{B99703AF-E870-4720-A469-50A57DD86F9E}.Debug|Any CPU.ActiveCfg = Debug|Any CPU
		{B99703AF-E870-4720-A469-50A57DD86F9E}.Debug|Any CPU.Build.0 = Debug|Any CPU
		{B99703AF-E870-4720-A469-50A57DD86F9E}.Release|Any CPU.ActiveCfg = Release|Any CPU
		{B99703AF-E870-4720-A469-50A57DD86F9E}.Release|Any CPU.Build.0 = Release|Any CPU
	EndGlobalSection
	GlobalSection(SolutionProperties) = preSolution
		HideSolutionNode = FALSE
	EndGlobalSection
	GlobalSection(ExtensibilityGlobals) = postSolution
		SolutionGuid = {0F240C4A-C06C-4306-A6EF-B87C7ECD89E7}
	EndGlobalSection
EndGlobal
